
Microsoft Visual Studio Solution File, Format Version 12.00
# Visual Studio Version 17
VisualStudioVersion = 17.11.35327.3
MinimumVisualStudioVersion = 10.0.40219.1
Project("{8BC9CEB8-8B4A-11D0-8D11-00A0C91BC942}") = "33__6-8_Deferred Shading", "33__6-8_Deferred Shading\33__6-8_Deferred Shading.vcxproj", "{D56AF3C9-1476-48D6-A0AE-DF881F26E332}"
EndProject
Global
	GlobalSection(SolutionConfigurationPlatforms) = preSolution
		Debug|x64 = Debug|x64
		Debug|x86 = Debug|x86
		Release|x64 = Release|x64
		Release|x86 = Release|x86
	EndGlobalSection
	GlobalSection(ProjectConfigurationPlatforms) = postSolution
		{D56AF3C9-1476-48D6-A0AE-DF881F26E332}.Debug|x64.ActiveCfg = Debug|x64
		{D56AF3C9-1476-48D6-A0AE-DF881F26E332}.Debug|x64.Build.0 = Debug|x64
		{D56AF3C9-1476-48D6-A0AE-DF881F26E332}.Debug|x86.ActiveCfg = Debug|Win32
		{D56AF3C9-1476-48D6-A0AE-DF881F26E332}.Debug|x86.Build.0 = Debug|Win32
		{D56AF3C9-1476-48D6-A0AE-DF881F26E332}.Release|x64.ActiveCfg = Release|x64
		{D56AF3C9-1476-48D6-A0AE-DF881F26E332}.Release|x64.Build.0 = Release|x64
		{D56AF3C9-1476-48D6-A0AE-DF881F26E332}.Release|x86.ActiveCfg = Release|Win32
		{D56AF3C9-1476-48D6-A0AE-DF881F26E332}.Release|x86.Build.0 = Release|Win32
	EndGlobalSection
	GlobalSection(SolutionProperties) = preSolution
		HideSolutionNode = FALSE
	EndGlobalSection
	GlobalSection(ExtensibilityGlobals) = postSolution
		SolutionGuid = {E06B087C-E94B-4BB5-BD14-307F42AFADA3}
	EndGlobalSection
EndGlobal
