
Microsoft Visual Studio Solution File, Format Version 12.00
# Visual Studio Version 17
VisualStudioVersion = 17.11.35327.3
MinimumVisualStudioVersion = 10.0.40219.1
Project("{8BC9CEB8-8B4A-11D0-8D11-00A0C91BC942}") = "16__5-2_Stencil Testing", "16__5-2_Stencil Testing\16__5-2_Stencil Testing.vcxproj", "{DE813B49-0E7E-4EB8-BE7A-B511E9691BCB}"
EndProject
Global
	GlobalSection(SolutionConfigurationPlatforms) = preSolution
		Debug|x64 = Debug|x64
		Debug|x86 = Debug|x86
		Release|x64 = Release|x64
		Release|x86 = Release|x86
	EndGlobalSection
	GlobalSection(ProjectConfigurationPlatforms) = postSolution
		{DE813B49-0E7E-4EB8-BE7A-B511E9691BCB}.Debug|x64.ActiveCfg = Debug|x64
		{DE813B49-0E7E-4EB8-BE7A-B511E9691BCB}.Debug|x64.Build.0 = Debug|x64
		{DE813B49-0E7E-4EB8-BE7A-B511E9691BCB}.Debug|x86.ActiveCfg = Debug|Win32
		{DE813B49-0E7E-4EB8-BE7A-B511E9691BCB}.Debug|x86.Build.0 = Debug|Win32
		{DE813B49-0E7E-4EB8-BE7A-B511E9691BCB}.Release|x64.ActiveCfg = Release|x64
		{DE813B49-0E7E-4EB8-BE7A-B511E9691BCB}.Release|x64.Build.0 = Release|x64
		{DE813B49-0E7E-4EB8-BE7A-B511E9691BCB}.Release|x86.ActiveCfg = Release|Win32
		{DE813B49-0E7E-4EB8-BE7A-B511E9691BCB}.Release|x86.Build.0 = Release|Win32
	EndGlobalSection
	GlobalSection(SolutionProperties) = preSolution
		HideSolutionNode = FALSE
	EndGlobalSection
	GlobalSection(ExtensibilityGlobals) = postSolution
		SolutionGuid = {86C1BE15-EAAE-42A1-8E88-316A93C592DC}
	EndGlobalSection
EndGlobal
