
Microsoft Visual Studio Solution File, Format Version 12.00
# Visual Studio Version 17
VisualStudioVersion = 17.11.35327.3
MinimumVisualStudioVersion = 10.0.40219.1
Project("{8BC9CEB8-8B4A-11D0-8D11-00A0C91BC942}") = "32__6-7_Bloom(Glow Effect)", "32__6-7_Bloom(Glow Effect)\32__6-7_Bloom(Glow Effect).vcxproj", "{28C35568-DDBD-4C11-B890-27C3B85E0FCB}"
EndProject
Global
	GlobalSection(SolutionConfigurationPlatforms) = preSolution
		Debug|x64 = Debug|x64
		Debug|x86 = Debug|x86
		Release|x64 = Release|x64
		Release|x86 = Release|x86
	EndGlobalSection
	GlobalSection(ProjectConfigurationPlatforms) = postSolution
		{28C35568-DDBD-4C11-B890-27C3B85E0FCB}.Debug|x64.ActiveCfg = Debug|x64
		{28C35568-DDBD-4C11-B890-27C3B85E0FCB}.Debug|x64.Build.0 = Debug|x64
		{28C35568-DDBD-4C11-B890-27C3B85E0FCB}.Debug|x86.ActiveCfg = Debug|Win32
		{28C35568-DDBD-4C11-B890-27C3B85E0FCB}.Debug|x86.Build.0 = Debug|Win32
		{28C35568-DDBD-4C11-B890-27C3B85E0FCB}.Release|x64.ActiveCfg = Release|x64
		{28C35568-DDBD-4C11-B890-27C3B85E0FCB}.Release|x64.Build.0 = Release|x64
		{28C35568-DDBD-4C11-B890-27C3B85E0FCB}.Release|x86.ActiveCfg = Release|Win32
		{28C35568-DDBD-4C11-B890-27C3B85E0FCB}.Release|x86.Build.0 = Release|Win32
	EndGlobalSection
	GlobalSection(SolutionProperties) = preSolution
		HideSolutionNode = FALSE
	EndGlobalSection
	GlobalSection(ExtensibilityGlobals) = postSolution
		SolutionGuid = {44DA9CB7-2542-48AC-98BF-BA571FB3D15F}
	EndGlobalSection
EndGlobal
